
Microsoft Visual Studio Solution File, Format Version 12.00
# Visual Studio Version 17
VisualStudioVersion = 17.5.33530.505
MinimumVisualStudioVersion = 10.0.40219.1
Project("{FAE04EC0-301F-11D3-BF4B-00C04F79EFBC}") = "UI", "UI\UI.csproj", "{EC7F6B34-6ECB-4E0F-B9FB-AD67ED26AB95}"
EndProject
Project("{FAE04EC0-301F-11D3-BF4B-00C04F79EFBC}") = "Business", "Business\Business.csproj", "{D3A9438D-1862-4B36-BE19-1E5E83AF46A6}"
EndProject
Project("{FAE04EC0-301F-11D3-BF4B-00C04F79EFBC}") = "Database", "Database\Database.csproj", "{3FB16022-DD51-414F-810F-5D226D5E40AE}"
EndProject
Global
	GlobalSection(SolutionConfigurationPlatforms) = preSolution
		Debug|Any CPU = Debug|Any CPU
		Release|Any CPU = Release|Any CPU
	EndGlobalSection
	GlobalSection(ProjectConfigurationPlatforms) = postSolution
		{EC7F6B34-6ECB-4E0F-B9FB-AD67ED26AB95}.Debug|Any CPU.ActiveCfg = Debug|Any CPU
		{EC7F6B34-6ECB-4E0F-B9FB-AD67ED26AB95}.Debug|Any CPU.Build.0 = Debug|Any CPU
		{EC7F6B34-6ECB-4E0F-B9FB-AD67ED26AB95}.Release|Any CPU.ActiveCfg = Release|Any CPU
		{EC7F6B34-6ECB-4E0F-B9FB-AD67ED26AB95}.Release|Any CPU.Build.0 = Release|Any CPU
		{D3A9438D-1862-4B36-BE19-1E5E83AF46A6}.Debug|Any CPU.ActiveCfg = Debug|Any CPU
		{D3A9438D-1862-4B36-BE19-1E5E83AF46A6}.Debug|Any CPU.Build.0 = Debug|Any CPU
		{D3A9438D-1862-4B36-BE19-1E5E83AF46A6}.Release|Any CPU.ActiveCfg = Release|Any CPU
		{D3A9438D-1862-4B36-BE19-1E5E83AF46A6}.Release|Any CPU.Build.0 = Release|Any CPU
		{3FB16022-DD51-414F-810F-5D226D5E40AE}.Debug|Any CPU.ActiveCfg = Debug|Any CPU
		{3FB16022-DD51-414F-810F-5D226D5E40AE}.Debug|Any CPU.Build.0 = Debug|Any CPU
		{3FB16022-DD51-414F-810F-5D226D5E40AE}.Release|Any CPU.ActiveCfg = Release|Any CPU
		{3FB16022-DD51-414F-810F-5D226D5E40AE}.Release|Any CPU.Build.0 = Release|Any CPU
	EndGlobalSection
	GlobalSection(SolutionProperties) = preSolution
		HideSolutionNode = FALSE
	EndGlobalSection
	GlobalSection(ExtensibilityGlobals) = postSolution
		SolutionGuid = {09953E97-D081-48C8-BC28-E4E60D517B4A}
	EndGlobalSection
EndGlobal
